
Microsoft Visual Studio Solution File, Format Version 12.00
# Visual Studio Version 17
VisualStudioVersion = 17.7.34024.191
MinimumVisualStudioVersion = 10.0.40219.1
Project("{FAE04EC0-301F-11D3-BF4B-00C04F79EFBC}") = "Chapter5_03", "ConsoleApp5\Chapter5_03.csproj", "{5B5C9B2C-181B-4416-8867-CC4B00EFD4E0}"
EndProject
Global
	GlobalSection(SolutionConfigurationPlatforms) = preSolution
		Debug|Any CPU = Debug|Any CPU
		Release|Any CPU = Release|Any CPU
	EndGlobalSection
	GlobalSection(ProjectConfigurationPlatforms) = postSolution
		{5B5C9B2C-181B-4416-8867-CC4B00EFD4E0}.Debug|Any CPU.ActiveCfg = Debug|Any CPU
		{5B5C9B2C-181B-4416-8867-CC4B00EFD4E0}.Debug|Any CPU.Build.0 = Debug|Any CPU
		{5B5C9B2C-181B-4416-8867-CC4B00EFD4E0}.Release|Any CPU.ActiveCfg = Release|Any CPU
		{5B5C9B2C-181B-4416-8867-CC4B00EFD4E0}.Release|Any CPU.Build.0 = Release|Any CPU
	EndGlobalSection
	GlobalSection(SolutionProperties) = preSolution
		HideSolutionNode = FALSE
	EndGlobalSection
	GlobalSection(ExtensibilityGlobals) = postSolution
		SolutionGuid = {67E136E8-6244-4B77-94B9-438111F5A397}
	EndGlobalSection
EndGlobal
