
Microsoft Visual Studio Solution File, Format Version 12.00
# Visual Studio 15
VisualStudioVersion = 15.0.34112.143
MinimumVisualStudioVersion = 10.0.40219.1
Project("{FAE04EC0-301F-11D3-BF4B-00C04F79EFBC}") = "Chapter4_02", "Chapter4_02\Chapter4_02.csproj", "{A2D6B2D2-EA1B-42CD-9B37-8E76D10D6173}"
EndProject
Global
	GlobalSection(SolutionConfigurationPlatforms) = preSolution
		Debug|Any CPU = Debug|Any CPU
		Release|Any CPU = Release|Any CPU
	EndGlobalSection
	GlobalSection(ProjectConfigurationPlatforms) = postSolution
		{A2D6B2D2-EA1B-42CD-9B37-8E76D10D6173}.Debug|Any CPU.ActiveCfg = Debug|Any CPU
		{A2D6B2D2-EA1B-42CD-9B37-8E76D10D6173}.Debug|Any CPU.Build.0 = Debug|Any CPU
		{A2D6B2D2-EA1B-42CD-9B37-8E76D10D6173}.Release|Any CPU.ActiveCfg = Release|Any CPU
		{A2D6B2D2-EA1B-42CD-9B37-8E76D10D6173}.Release|Any CPU.Build.0 = Release|Any CPU
	EndGlobalSection
	GlobalSection(SolutionProperties) = preSolution
		HideSolutionNode = FALSE
	EndGlobalSection
	GlobalSection(ExtensibilityGlobals) = postSolution
		SolutionGuid = {248E150E-88A0-4C33-B2E2-E6781D6182D4}
	EndGlobalSection
EndGlobal
