
Microsoft Visual Studio Solution File, Format Version 12.00
# Visual Studio 15
VisualStudioVersion = 15.0.34112.143
MinimumVisualStudioVersion = 10.0.40219.1
Project("{FAE04EC0-301F-11D3-BF4B-00C04F79EFBC}") = "Chapter5_02", "ConsoleApp14\Chapter5_02.csproj", "{C7E61546-10BA-4B35-AC9E-14BAFA51FD42}"
EndProject
Global
	GlobalSection(SolutionConfigurationPlatforms) = preSolution
		Debug|Any CPU = Debug|Any CPU
		Release|Any CPU = Release|Any CPU
	EndGlobalSection
	GlobalSection(ProjectConfigurationPlatforms) = postSolution
		{C7E61546-10BA-4B35-AC9E-14BAFA51FD42}.Debug|Any CPU.ActiveCfg = Debug|Any CPU
		{C7E61546-10BA-4B35-AC9E-14BAFA51FD42}.Debug|Any CPU.Build.0 = Debug|Any CPU
		{C7E61546-10BA-4B35-AC9E-14BAFA51FD42}.Release|Any CPU.ActiveCfg = Release|Any CPU
		{C7E61546-10BA-4B35-AC9E-14BAFA51FD42}.Release|Any CPU.Build.0 = Release|Any CPU
	EndGlobalSection
	GlobalSection(SolutionProperties) = preSolution
		HideSolutionNode = FALSE
	EndGlobalSection
	GlobalSection(ExtensibilityGlobals) = postSolution
		SolutionGuid = {6FC63D7F-DCD7-42A1-B9F3-1DD0DC105602}
	EndGlobalSection
EndGlobal
