
Microsoft Visual Studio Solution File, Format Version 12.00
# Visual Studio 15
VisualStudioVersion = 15.0.34112.143
MinimumVisualStudioVersion = 10.0.40219.1
Project("{FAE04EC0-301F-11D3-BF4B-00C04F79EFBC}") = "Chapter6_04", "Chapter6_04\Chapter6_04.csproj", "{DB0B5233-5D3F-4F5F-B0B1-58D8DB586D98}"
EndProject
Global
	GlobalSection(SolutionConfigurationPlatforms) = preSolution
		Debug|Any CPU = Debug|Any CPU
		Release|Any CPU = Release|Any CPU
	EndGlobalSection
	GlobalSection(ProjectConfigurationPlatforms) = postSolution
		{DB0B5233-5D3F-4F5F-B0B1-58D8DB586D98}.Debug|Any CPU.ActiveCfg = Debug|Any CPU
		{DB0B5233-5D3F-4F5F-B0B1-58D8DB586D98}.Debug|Any CPU.Build.0 = Debug|Any CPU
		{DB0B5233-5D3F-4F5F-B0B1-58D8DB586D98}.Release|Any CPU.ActiveCfg = Release|Any CPU
		{DB0B5233-5D3F-4F5F-B0B1-58D8DB586D98}.Release|Any CPU.Build.0 = Release|Any CPU
	EndGlobalSection
	GlobalSection(SolutionProperties) = preSolution
		HideSolutionNode = FALSE
	EndGlobalSection
	GlobalSection(ExtensibilityGlobals) = postSolution
		SolutionGuid = {E84508BC-2E9E-4FCE-AC2D-63841CACB200}
	EndGlobalSection
EndGlobal
